<?xml version="1.0" encoding="utf-8"?>
<Project ToolsVersion="4.0" xmlns="http://schemas.microsoft.com/developer/msbuild/2003">
  <ItemGroup>
    <Filter Include="Source Files">
      <UniqueIdentifier>{4FC737F1-C7A5-4376-A066-2A32D752A2FF}</UniqueIdentifier>
      <Extensions>cpp;c;cc;cxx;c++;cppm;ixx;def;odl;idl;hpj;bat;asm;asmx</Extensions>
    </Filter>
    <Filter Include="Header Files">
      <UniqueIdentifier>{93995380-89BD-4b04-88EB-625FBE52EBFB}</UniqueIdentifier>
      <Extensions>h;hh;hpp;hxx;h++;hm;inl;inc;ipp;xsd</Extensions>
    </Filter>
    <Filter Include="Resource Files">
      <UniqueIdentifier>{67DA6AB6-F800-4c08-8B7A-83BB121AAD01}</UniqueIdentifier>
      <Extensions>rc;ico;cur;bmp;dlg;rc2;rct;bin;rgs;gif;jpg;jpeg;jpe;resx;tiff;tif;png;wav;mfcribbon-ms</Extensions>
    </Filter>
  </ItemGroup>
  <ItemGroup>
    <ClCompile Include="bt1.cpp">
      <Filter>Source Files</Filter>
    </ClCompile>
    <ClCompile Include="bt2.cpp">
      <Filter>Source Files</Filter>
    </ClCompile>
    <ClCompile Include="daynhiphanquaylui.cpp">
      <Filter>Source Files</Filter>
    </ClCompile>
    <ClCompile Include="chinhhopkolapquaylui.cpp">
      <Filter>Source Files</Filter>
    </ClCompile>
    <ClCompile Include="ktracacptusumquaylui.cpp">
      <Filter>Source Files</Filter>
    </ClCompile>
    <ClCompile Include="bailam2.cpp">
      <Filter>Source Files</Filter>
    </ClCompile>
    <ClCompile Include="chiatri1.cpp">
      <Filter>Source Files</Filter>
    </ClCompile>
    <ClCompile Include="chiatri2.cpp">
      <Filter>Source Files</Filter>
    </ClCompile>
    <ClCompile Include="duongditoiuuDq.cpp">
      <Filter>Source Files</Filter>
    </ClCompile>
    <ClCompile Include="duongditoiuuQhd.cpp">
      <Filter>Source Files</Filter>
    </ClCompile>
    <ClCompile Include="latgachQhd.cpp">
      <Filter>Source Files</Filter>
    </ClCompile>
    <ClCompile Include="hoanvisoquaylui.cpp">
      <Filter>Source Files</Filter>
    </ClCompile>
    <ClCompile Include="conhauquaylui.cpp">
      <Filter>Source Files</Filter>
    </ClCompile>
    <ClCompile Include="latgachDq.cpp">
      <Filter>Source Files</Filter>
    </ClCompile>
    <ClCompile Include="daycondainhatQhd.cpp">
      <Filter>Source Files</Filter>
    </ClCompile>
    <ClCompile Include="gky1.cpp">
      <Filter>Source Files</Filter>
    </ClCompile>
    <ClCompile Include="test3.cpp">
      <Filter>Source Files</Filter>
    </ClCompile>
    <ClCompile Include="test2.cpp">
      <Filter>Source Files</Filter>
    </ClCompile>
    <ClCompile Include="cau 2.cpp">
      <Filter>Source Files</Filter>
    </ClCompile>
    <ClCompile Include="bailam3.cpp">
      <Filter>Source Files</Filter>
    </ClCompile>
    <ClCompile Include="caitui0-1QHD.cpp">
      <Filter>Source Files</Filter>
    </ClCompile>
    <ClCompile Include="tenTromQHD.cpp">
      <Filter>Source Files</Filter>
    </ClCompile>
    <ClCompile Include="caituiThamLam.cpp">
      <Filter>Source Files</Filter>
    </ClCompile>
    <ClCompile Include="tuixachTham_Lam.cpp">
      <Filter>Source Files</Filter>
    </ClCompile>
    <ClCompile Include="noiDayThamlam.cpp">
      <Filter>Source Files</Filter>
    </ClCompile>
    <ClCompile Include="thangmayThamLLam.cpp">
      <Filter>Source Files</Filter>
    </ClCompile>
    <ClCompile Include="ltdt.cpp">
      <Filter>Source Files</Filter>
    </ClCompile>
    <ClCompile Include="matranke.cpp">
      <Filter>Source Files</Filter>
    </ClCompile>
    <ClCompile Include="danhsachke.cpp">
      <Filter>Source Files</Filter>
    </ClCompile>
    <ClCompile Include="dayconcotongbangSqhd.cpp">
      <Filter>Source Files</Filter>
    </ClCompile>
    <ClCompile Include="xaucondoixungdainhatQHD.cpp">
      <Filter>Source Files</Filter>
    </ClCompile>
  </ItemGroup>
  <ItemGroup>
    <Text Include="testinput.txt">
      <Filter>Source Files</Filter>
    </Text>
  </ItemGroup>
</Project>